
Microsoft Visual Studio Solution File, Format Version 12.00
# Visual Studio Version 17
VisualStudioVersion = 17.3.32819.101
MinimumVisualStudioVersion = 10.0.40219.1
Project("{FAE04EC0-301F-11D3-BF4B-00C04F79EFBC}") = "ColorZXing.TEST", "ColorZXing.TEST\ColorZXing.TEST.csproj", "{D5E3858B-8A19-411E-9C68-849F4B730450}"
EndProject
Project("{F2A71F9B-5D33-465A-A702-920D77279786}") = "ColorZXing.TEST.WEB", "ColorZXing.TEST.WEB\ColorZXing.TEST.WEB.fsproj", "{B010B839-209B-4DD7-BC39-CAACA26F27FA}"
EndProject
Project("{FAE04EC0-301F-11D3-BF4B-00C04F79EFBC}") = "ZXingLib", "ZXingLib\ZXingLib.csproj", "{8BCF2B03-C4F2-4810-9673-B1A0C32E2106}"
EndProject
Project("{FAE04EC0-301F-11D3-BF4B-00C04F79EFBC}") = "TEST", "TEST\TEST.csproj", "{8E2CAC89-885F-4D4A-BB86-74A523B2AE6D}"
EndProject
Global
	GlobalSection(SolutionConfigurationPlatforms) = preSolution
		Debug|Any CPU = Debug|Any CPU
		Release|Any CPU = Release|Any CPU
	EndGlobalSection
	GlobalSection(ProjectConfigurationPlatforms) = postSolution
		{D5E3858B-8A19-411E-9C68-849F4B730450}.Debug|Any CPU.ActiveCfg = Debug|Any CPU
		{D5E3858B-8A19-411E-9C68-849F4B730450}.Debug|Any CPU.Build.0 = Debug|Any CPU
		{D5E3858B-8A19-411E-9C68-849F4B730450}.Release|Any CPU.ActiveCfg = Release|Any CPU
		{D5E3858B-8A19-411E-9C68-849F4B730450}.Release|Any CPU.Build.0 = Release|Any CPU
		{B010B839-209B-4DD7-BC39-CAACA26F27FA}.Debug|Any CPU.ActiveCfg = Debug|Any CPU
		{B010B839-209B-4DD7-BC39-CAACA26F27FA}.Debug|Any CPU.Build.0 = Debug|Any CPU
		{B010B839-209B-4DD7-BC39-CAACA26F27FA}.Release|Any CPU.ActiveCfg = Release|Any CPU
		{B010B839-209B-4DD7-BC39-CAACA26F27FA}.Release|Any CPU.Build.0 = Release|Any CPU
		{8BCF2B03-C4F2-4810-9673-B1A0C32E2106}.Debug|Any CPU.ActiveCfg = Debug|Any CPU
		{8BCF2B03-C4F2-4810-9673-B1A0C32E2106}.Debug|Any CPU.Build.0 = Debug|Any CPU
		{8BCF2B03-C4F2-4810-9673-B1A0C32E2106}.Release|Any CPU.ActiveCfg = Release|Any CPU
		{8BCF2B03-C4F2-4810-9673-B1A0C32E2106}.Release|Any CPU.Build.0 = Release|Any CPU
		{8E2CAC89-885F-4D4A-BB86-74A523B2AE6D}.Debug|Any CPU.ActiveCfg = Debug|Any CPU
		{8E2CAC89-885F-4D4A-BB86-74A523B2AE6D}.Debug|Any CPU.Build.0 = Debug|Any CPU
		{8E2CAC89-885F-4D4A-BB86-74A523B2AE6D}.Release|Any CPU.ActiveCfg = Release|Any CPU
		{8E2CAC89-885F-4D4A-BB86-74A523B2AE6D}.Release|Any CPU.Build.0 = Release|Any CPU
	EndGlobalSection
	GlobalSection(SolutionProperties) = preSolution
		HideSolutionNode = FALSE
	EndGlobalSection
	GlobalSection(ExtensibilityGlobals) = postSolution
		SolutionGuid = {E514C9CC-C2DF-4064-B192-25D116F88E46}
	EndGlobalSection
EndGlobal
